
Microsoft Visual Studio Solution File, Format Version 12.00
# Visual Studio Version 17
VisualStudioVersion = 17.4.33103.184
MinimumVisualStudioVersion = 10.0.40219.1
Project("{FAE04EC0-301F-11D3-BF4B-00C04F79EFBC}") = "Extra Servers", "Extra Servers\Extra Servers.csproj", "{91DA497C-C164-4399-962F-863C0EEA56EC}"
EndProject
Global
	GlobalSection(SolutionConfigurationPlatforms) = preSolution
		Debug|Any CPU = Debug|Any CPU
		Release|Any CPU = Release|Any CPU
	EndGlobalSection
	GlobalSection(ProjectConfigurationPlatforms) = postSolution
		{91DA497C-C164-4399-962F-863C0EEA56EC}.Debug|Any CPU.ActiveCfg = Debug|Any CPU
		{91DA497C-C164-4399-962F-863C0EEA56EC}.Debug|Any CPU.Build.0 = Debug|Any CPU
		{91DA497C-C164-4399-962F-863C0EEA56EC}.Release|Any CPU.ActiveCfg = Release|Any CPU
		{91DA497C-C164-4399-962F-863C0EEA56EC}.Release|Any CPU.Build.0 = Release|Any CPU
	EndGlobalSection
	GlobalSection(SolutionProperties) = preSolution
		HideSolutionNode = FALSE
	EndGlobalSection
	GlobalSection(ExtensibilityGlobals) = postSolution
		SolutionGuid = {F1BE85E5-C04D-4C94-A0F6-F5335EFE4845}
	EndGlobalSection
EndGlobal
